
Microsoft Visual Studio Solution File, Format Version 12.00
# Visual Studio Version 17
VisualStudioVersion = 17.7.34031.279
MinimumVisualStudioVersion = 10.0.40219.1
Project("{FAE04EC0-301F-11D3-BF4B-00C04F79EFBC}") = "Rechteck", "Rechteck\Rechteck.csproj", "{F2F78BC9-C84F-43E3-A0C3-B208D679A7BF}"
EndProject
Project("{FAE04EC0-301F-11D3-BF4B-00C04F79EFBC}") = "Würfel", "Würfel\Würfel.csproj", "{2F131267-F33D-4CC4-8C55-112C949CD41C}"
EndProject
Project("{2150E333-8FDC-42A3-9474-1A3956D46DE8}") = "Projektmappenelemente", "Projektmappenelemente", "{B356CC98-65FA-4381-9F91-6DC4FA96EF6B}"
EndProject
Project("{FAE04EC0-301F-11D3-BF4B-00C04F79EFBC}") = "Mondentfernung", "Mondentfernung\Mondentfernung.csproj", "{BA73C275-FF57-4FD1-9EDC-78B86BF06430}"
EndProject
Project("{FAE04EC0-301F-11D3-BF4B-00C04F79EFBC}") = "Tannenbaum", "Tannenbaum\Tannenbaum.csproj", "{D1E1B2B2-DBBC-4DE8-8A36-2614BFBB2486}"
EndProject
Project("{FAE04EC0-301F-11D3-BF4B-00C04F79EFBC}") = "Warenkorb", "Warenkorb\Warenkorb.csproj", "{2D98614E-D8B5-45F9-A976-F35F7AAC1DF6}"
EndProject
Project("{FAE04EC0-301F-11D3-BF4B-00C04F79EFBC}") = "Auto Simulator", "Auto Simulator\Auto Simulator.csproj", "{A0F50EE0-394D-4D0A-A108-8B7E1DF41E2F}"
EndProject
Global
	GlobalSection(SolutionConfigurationPlatforms) = preSolution
		Debug|Any CPU = Debug|Any CPU
		Release|Any CPU = Release|Any CPU
	EndGlobalSection
	GlobalSection(ProjectConfigurationPlatforms) = postSolution
		{F2F78BC9-C84F-43E3-A0C3-B208D679A7BF}.Debug|Any CPU.ActiveCfg = Debug|Any CPU
		{F2F78BC9-C84F-43E3-A0C3-B208D679A7BF}.Debug|Any CPU.Build.0 = Debug|Any CPU
		{F2F78BC9-C84F-43E3-A0C3-B208D679A7BF}.Release|Any CPU.ActiveCfg = Release|Any CPU
		{F2F78BC9-C84F-43E3-A0C3-B208D679A7BF}.Release|Any CPU.Build.0 = Release|Any CPU
		{2F131267-F33D-4CC4-8C55-112C949CD41C}.Debug|Any CPU.ActiveCfg = Debug|Any CPU
		{2F131267-F33D-4CC4-8C55-112C949CD41C}.Debug|Any CPU.Build.0 = Debug|Any CPU
		{2F131267-F33D-4CC4-8C55-112C949CD41C}.Release|Any CPU.ActiveCfg = Release|Any CPU
		{2F131267-F33D-4CC4-8C55-112C949CD41C}.Release|Any CPU.Build.0 = Release|Any CPU
		{BA73C275-FF57-4FD1-9EDC-78B86BF06430}.Debug|Any CPU.ActiveCfg = Debug|Any CPU
		{BA73C275-FF57-4FD1-9EDC-78B86BF06430}.Debug|Any CPU.Build.0 = Debug|Any CPU
		{BA73C275-FF57-4FD1-9EDC-78B86BF06430}.Release|Any CPU.ActiveCfg = Release|Any CPU
		{BA73C275-FF57-4FD1-9EDC-78B86BF06430}.Release|Any CPU.Build.0 = Release|Any CPU
		{D1E1B2B2-DBBC-4DE8-8A36-2614BFBB2486}.Debug|Any CPU.ActiveCfg = Debug|Any CPU
		{D1E1B2B2-DBBC-4DE8-8A36-2614BFBB2486}.Debug|Any CPU.Build.0 = Debug|Any CPU
		{D1E1B2B2-DBBC-4DE8-8A36-2614BFBB2486}.Release|Any CPU.ActiveCfg = Release|Any CPU
		{D1E1B2B2-DBBC-4DE8-8A36-2614BFBB2486}.Release|Any CPU.Build.0 = Release|Any CPU
		{2D98614E-D8B5-45F9-A976-F35F7AAC1DF6}.Debug|Any CPU.ActiveCfg = Debug|Any CPU
		{2D98614E-D8B5-45F9-A976-F35F7AAC1DF6}.Debug|Any CPU.Build.0 = Debug|Any CPU
		{2D98614E-D8B5-45F9-A976-F35F7AAC1DF6}.Release|Any CPU.ActiveCfg = Release|Any CPU
		{2D98614E-D8B5-45F9-A976-F35F7AAC1DF6}.Release|Any CPU.Build.0 = Release|Any CPU
		{A0F50EE0-394D-4D0A-A108-8B7E1DF41E2F}.Debug|Any CPU.ActiveCfg = Debug|Any CPU
		{A0F50EE0-394D-4D0A-A108-8B7E1DF41E2F}.Debug|Any CPU.Build.0 = Debug|Any CPU
		{A0F50EE0-394D-4D0A-A108-8B7E1DF41E2F}.Release|Any CPU.ActiveCfg = Release|Any CPU
		{A0F50EE0-394D-4D0A-A108-8B7E1DF41E2F}.Release|Any CPU.Build.0 = Release|Any CPU
	EndGlobalSection
	GlobalSection(SolutionProperties) = preSolution
		HideSolutionNode = FALSE
	EndGlobalSection
	GlobalSection(ExtensibilityGlobals) = postSolution
		SolutionGuid = {27EFC665-9484-4DC3-A049-5FDF80C10A87}
	EndGlobalSection
EndGlobal
